// !$*UTF8*$!
{
	archiveVersion = 1;
	classes = {
	};
	objectVersion = 46;
	objects = {

/* Begin PBXBuildFile section */
		00E356F31AD99517003FC87E /* iChickTests.m in Sources */ = {isa = PBXBuildFile; fileRef = 00E356F21AD99517003FC87E /* iChickTests.m */; };
		11912B69A4C3441E9482717A /* Kanit-Medium.otf in Resources */ = {isa = PBXBuildFile; fileRef = FE75363893284BEB8C47567D /* Kanit-Medium.otf */; };
		13B07FBC1A68108700A75B9A /* AppDelegate.m in Sources */ = {isa = PBXBuildFile; fileRef = 13B07FB01A68108700A75B9A /* AppDelegate.m */; };
		13B07FBD1A68108700A75B9A /* LaunchScreen.xib in Resources */ = {isa = PBXBuildFile; fileRef = 13B07FB11A68108700A75B9A /* LaunchScreen.xib */; };
		13B07FBF1A68108700A75B9A /* Images.xcassets in Resources */ = {isa = PBXBuildFile; fileRef = 13B07FB51A68108700A75B9A /* Images.xcassets */; };
		13B07FC11A68108700A75B9A /* main.m in Sources */ = {isa = PBXBuildFile; fileRef = 13B07FB71A68108700A75B9A /* main.m */; };
		13D7C23AA66D425FB7673AB1 /* Kanit-MediumItalic.otf in Resources */ = {isa = PBXBuildFile; fileRef = 351131D22C234568BCF8E3A8 /* Kanit-MediumItalic.otf */; };
		24CC5509E3704919A31E3976 /* Kanit-ExtraBold.ttf in Resources */ = {isa = PBXBuildFile; fileRef = EFE80C2B84EF461D927804AD /* Kanit-ExtraBold.ttf */; };
		276B127E68D34864B7D1DBC5 /* Kanit-SemiBold.otf in Resources */ = {isa = PBXBuildFile; fileRef = D76B7C63037D41CCA7C8EDE2 /* Kanit-SemiBold.otf */; };
		2C5207DD41614B90AC16C06D /* Kanit-Italic.ttf in Resources */ = {isa = PBXBuildFile; fileRef = 0FBB08166DC14B5DB9B8553D /* Kanit-Italic.ttf */; };
		2D02E4BC1E0B4A80006451C7 /* AppDelegate.m in Sources */ = {isa = PBXBuildFile; fileRef = 13B07FB01A68108700A75B9A /* AppDelegate.m */; };
		2D02E4BD1E0B4A84006451C7 /* Images.xcassets in Resources */ = {isa = PBXBuildFile; fileRef = 13B07FB51A68108700A75B9A /* Images.xcassets */; };
		2D02E4BF1E0B4AB3006451C7 /* main.m in Sources */ = {isa = PBXBuildFile; fileRef = 13B07FB71A68108700A75B9A /* main.m */; };
		2DCD954D1E0B4F2C00145EB5 /* iChickTests.m in Sources */ = {isa = PBXBuildFile; fileRef = 00E356F21AD99517003FC87E /* iChickTests.m */; };
		35B70BF07E63438985E977BE /* Kanit-Black.otf in Resources */ = {isa = PBXBuildFile; fileRef = AF966E64117F441E86E0039E /* Kanit-Black.otf */; };
		36B607F75DBD47328912B5F0 /* Kanit-Black.ttf in Resources */ = {isa = PBXBuildFile; fileRef = D94E6F0F018C4B038E7964F0 /* Kanit-Black.ttf */; };
		397711CBF53348324403C2E6 /* libPods-iChick-tvOS.a in Frameworks */ = {isa = PBXBuildFile; fileRef = B0523E51555FB7B4592C11E5 /* libPods-iChick-tvOS.a */; };
		4D813F96EB2C463591EE5786 /* Kanit-ExtraLight.otf in Resources */ = {isa = PBXBuildFile; fileRef = 346E91069AF1417DBC6B6406 /* Kanit-ExtraLight.otf */; };
		51E45CCD2C6C449DA97F7B28 /* Kanit-Light.ttf in Resources */ = {isa = PBXBuildFile; fileRef = 155F33F8F86149C18157F61C /* Kanit-Light.ttf */; };
		53317F76B4B14E9E998F11F6 /* Kanit-BoldItalic.ttf in Resources */ = {isa = PBXBuildFile; fileRef = 2ED172B66EAD46C5B872648D /* Kanit-BoldItalic.ttf */; };
		60D94901CF3843CDBA8C6BEE /* Kanit-LightItalic.otf in Resources */ = {isa = PBXBuildFile; fileRef = DB6E45E689D0466A8E63FB3E /* Kanit-LightItalic.otf */; };
		675919DB2E9C4532AA49B551 /* Kanit-ExtraBoldItalic.ttf in Resources */ = {isa = PBXBuildFile; fileRef = C43023DD19FD4E05920C8310 /* Kanit-ExtraBoldItalic.ttf */; };
		6D59B7E9600343918E3334EB /* Kanit-Italic.otf in Resources */ = {isa = PBXBuildFile; fileRef = 0E3CD929A940473FBAB96A37 /* Kanit-Italic.otf */; };
		71609DFB24064AECB61744E1 /* Kanit-BlackItalic.otf in Resources */ = {isa = PBXBuildFile; fileRef = 6EE5D40671E84B36824F0C44 /* Kanit-BlackItalic.otf */; };
		883A1496935A476AA493B8D8 /* Kanit-ThinItalic.otf in Resources */ = {isa = PBXBuildFile; fileRef = DB93B30DC22A4C07B04BFD59 /* Kanit-ThinItalic.otf */; };
		8854E61D79A946EBB547B07F /* Kanit-Thin.ttf in Resources */ = {isa = PBXBuildFile; fileRef = 31CCD3C776054D4FB56960E3 /* Kanit-Thin.ttf */; };
		89F8B9EFDD05B93589FD6B35 /* libPods-iChick-tvOSTests.a in Frameworks */ = {isa = PBXBuildFile; fileRef = 97CC68503212554BADEEE49F /* libPods-iChick-tvOSTests.a */; };
		8B513BE402AD4DB3935DDDC0 /* Kanit-LightItalic.ttf in Resources */ = {isa = PBXBuildFile; fileRef = 262D267A07D84502BFBA8DE8 /* Kanit-LightItalic.ttf */; };
		91510044D4A24204B70817E0 /* Kanit-ExtraLightItalic.otf in Resources */ = {isa = PBXBuildFile; fileRef = 12586251C45E45D180C3B9BD /* Kanit-ExtraLightItalic.otf */; };
		959379B49E5A416B83FB3A69 /* Kanit-Regular.ttf in Resources */ = {isa = PBXBuildFile; fileRef = 4572519035C54E0482582ECC /* Kanit-Regular.ttf */; };
		9988CE8A07E2424499DD6999 /* Kanit-Bold.otf in Resources */ = {isa = PBXBuildFile; fileRef = 10C3B43E7CB343139B438B5A /* Kanit-Bold.otf */; };
		9B3948DCD2194641B2A664A8 /* Kanit-Light.otf in Resources */ = {isa = PBXBuildFile; fileRef = 1620C776E50C42E5B28EA334 /* Kanit-Light.otf */; };
		A9EEC15DE7F449BD83C37A9D /* Kanit-ThinItalic.ttf in Resources */ = {isa = PBXBuildFile; fileRef = B8AAFE60F5984931B0712E85 /* Kanit-ThinItalic.ttf */; };
		B358B2CC7ADC4B24A3E940BF /* Kanit-Thin.otf in Resources */ = {isa = PBXBuildFile; fileRef = 476D17E51F4A42D6BEC47FDC /* Kanit-Thin.otf */; };
		B5419929EC604F41A1F182CD /* Kanit-MediumItalic.ttf in Resources */ = {isa = PBXBuildFile; fileRef = 8D79DF6C4B134EE38BAB8DDC /* Kanit-MediumItalic.ttf */; };
		BB5B037FFCEE4FC48D590A4E /* Kanit-Bold.ttf in Resources */ = {isa = PBXBuildFile; fileRef = 286B159DE3964E61BE61F2CA /* Kanit-Bold.ttf */; };
		BED168F3ABEA4FCC9556DAEA /* Kanit-SemiBold.ttf in Resources */ = {isa = PBXBuildFile; fileRef = C3B27745B97B4C78964EE07E /* Kanit-SemiBold.ttf */; };
		C438BCF549339071657648B6 /* libPods-iChick.a in Frameworks */ = {isa = PBXBuildFile; fileRef = BC5E685FB3167BF3E6042284 /* libPods-iChick.a */; };
		C56DA8E0756DCD840D5A1F0B /* libPods-iChickTests.a in Frameworks */ = {isa = PBXBuildFile; fileRef = 357D5F44FC29F90389743C6F /* libPods-iChickTests.a */; };
		C9AAAA7D02E24E01A3AF6D9F /* Kanit-ExtraLightItalic.ttf in Resources */ = {isa = PBXBuildFile; fileRef = AE027BF638E04B9E8F2FC660 /* Kanit-ExtraLightItalic.ttf */; };
		CCAFEB8C816240F594D94FAC /* Kanit-BoldItalic.otf in Resources */ = {isa = PBXBuildFile; fileRef = FB8AB765CA5D4079A4F46B1F /* Kanit-BoldItalic.otf */; };
		CEC2D29BFAA540AC87EC7CE8 /* Kanit-ExtraBold.otf in Resources */ = {isa = PBXBuildFile; fileRef = 7D911E02651C488589101381 /* Kanit-ExtraBold.otf */; };
		D0F7E958D30F4F33B612BCDA /* Kanit-ExtraBoldItalic.otf in Resources */ = {isa = PBXBuildFile; fileRef = 1FA299B85A53442BA8CEF81B /* Kanit-ExtraBoldItalic.otf */; };
		D425DEC596C7470DA0C0FD7D /* Kanit-ExtraLight.ttf in Resources */ = {isa = PBXBuildFile; fileRef = 00F71BB478F64203BF7FE170 /* Kanit-ExtraLight.ttf */; };
		D5E81F3122774D0FA9176847 /* Kanit-Medium.ttf in Resources */ = {isa = PBXBuildFile; fileRef = 5E9311CE5F1747F1A7F7112C /* Kanit-Medium.ttf */; };
		DF186A102382C48300379280 /* Fonts in Resources */ = {isa = PBXBuildFile; fileRef = DF186A0F2382C48300379280 /* Fonts */; };
		E3B653DEEBA84F6E82A22530 /* Kanit-BlackItalic.ttf in Resources */ = {isa = PBXBuildFile; fileRef = D5B7E788B358440C85FC992B /* Kanit-BlackItalic.ttf */; };
		E4911D52D59B44EDAD051668 /* Kanit-SemiBoldItalic.otf in Resources */ = {isa = PBXBuildFile; fileRef = E3E8608B0D6F478CB235296F /* Kanit-SemiBoldItalic.otf */; };
		F15890E2D272418891167EC0 /* Kanit-SemiBoldItalic.ttf in Resources */ = {isa = PBXBuildFile; fileRef = 4E712F75486E454289422240 /* Kanit-SemiBoldItalic.ttf */; };
		FB63519C8AE24F6FB56F6D49 /* Kanit-Regular.otf in Resources */ = {isa = PBXBuildFile; fileRef = E751D7F23AB249B1A03FAA03 /* Kanit-Regular.otf */; };
/* End PBXBuildFile section */

/* Begin PBXContainerItemProxy section */
		00E356F41AD99517003FC87E /* PBXContainerItemProxy */ = {
			isa = PBXContainerItemProxy;
			containerPortal = 83CBB9F71A601CBA00E9B192 /* Project object */;
			proxyType = 1;
			remoteGlobalIDString = 13B07F861A680F5B00A75B9A;
			remoteInfo = iChick;
		};
		2D02E4911E0B4A5D006451C7 /* PBXContainerItemProxy */ = {
			isa = PBXContainerItemProxy;
			containerPortal = 83CBB9F71A601CBA00E9B192 /* Project object */;
			proxyType = 1;
			remoteGlobalIDString = 2D02E47A1E0B4A5D006451C7;
			remoteInfo = "iChick-tvOS";
		};
/* End PBXContainerItemProxy section */

/* Begin PBXFileReference section */
		008F07F21AC5B25A0029DE68 /* main.jsbundle */ = {isa = PBXFileReference; fileEncoding = 4; lastKnownFileType = text; path = main.jsbundle; sourceTree = "<group>"; };
		00E356EE1AD99517003FC87E /* iChickTests.xctest */ = {isa = PBXFileReference; explicitFileType = wrapper.cfbundle; includeInIndex = 0; path = iChickTests.xctest; sourceTree = BUILT_PRODUCTS_DIR; };
		00E356F11AD99517003FC87E /* Info.plist */ = {isa = PBXFileReference; lastKnownFileType = text.plist.xml; path = Info.plist; sourceTree = "<group>"; };
		00E356F21AD99517003FC87E /* iChickTests.m */ = {isa = PBXFileReference; lastKnownFileType = sourcecode.c.objc; path = iChickTests.m; sourceTree = "<group>"; };
		00F71BB478F64203BF7FE170 /* Kanit-ExtraLight.ttf */ = {isa = PBXFileReference; explicitFileType = undefined; fileEncoding = 9; includeInIndex = 0; lastKnownFileType = unknown; name = "Kanit-ExtraLight.ttf"; path = "../src/assets/fonts/Kanit-ExtraLight.ttf"; sourceTree = "<group>"; };
		0E3CD929A940473FBAB96A37 /* Kanit-Italic.otf */ = {isa = PBXFileReference; explicitFileType = undefined; fileEncoding = 9; includeInIndex = 0; lastKnownFileType = unknown; name = "Kanit-Italic.otf"; path = "../src/assets/fonts/Kanit-Italic.otf"; sourceTree = "<group>"; };
		0FBB08166DC14B5DB9B8553D /* Kanit-Italic.ttf */ = {isa = PBXFileReference; explicitFileType = undefined; fileEncoding = 9; includeInIndex = 0; lastKnownFileType = unknown; name = "Kanit-Italic.ttf"; path = "../src/assets/fonts/Kanit-Italic.ttf"; sourceTree = "<group>"; };
		10C3B43E7CB343139B438B5A /* Kanit-Bold.otf */ = {isa = PBXFileReference; explicitFileType = undefined; fileEncoding = 9; includeInIndex = 0; lastKnownFileType = unknown; name = "Kanit-Bold.otf"; path = "../src/assets/fonts/Kanit-Bold.otf"; sourceTree = "<group>"; };
		12586251C45E45D180C3B9BD /* Kanit-ExtraLightItalic.otf */ = {isa = PBXFileReference; explicitFileType = undefined; fileEncoding = 9; includeInIndex = 0; lastKnownFileType = unknown; name = "Kanit-ExtraLightItalic.otf"; path = "../src/assets/fonts/Kanit-ExtraLightItalic.otf"; sourceTree = "<group>"; };
		13B07F961A680F5B00A75B9A /* iChick.app */ = {isa = PBXFileReference; explicitFileType = wrapper.application; includeInIndex = 0; path = iChick.app; sourceTree = BUILT_PRODUCTS_DIR; };
		13B07FAF1A68108700A75B9A /* AppDelegate.h */ = {isa = PBXFileReference; fileEncoding = 4; lastKnownFileType = sourcecode.c.h; name = AppDelegate.h; path = iChick/AppDelegate.h; sourceTree = "<group>"; };
		13B07FB01A68108700A75B9A /* AppDelegate.m */ = {isa = PBXFileReference; fileEncoding = 4; lastKnownFileType = sourcecode.c.objc; name = AppDelegate.m; path = iChick/AppDelegate.m; sourceTree = "<group>"; };
		13B07FB21A68108700A75B9A /* Base */ = {isa = PBXFileReference; lastKnownFileType = file.xib; name = Base; path = Base.lproj/LaunchScreen.xib; sourceTree = "<group>"; };
		13B07FB51A68108700A75B9A /* Images.xcassets */ = {isa = PBXFileReference; lastKnownFileType = folder.assetcatalog; name = Images.xcassets; path = iChick/Images.xcassets; sourceTree = "<group>"; };
		13B07FB61A68108700A75B9A /* Info.plist */ = {isa = PBXFileReference; fileEncoding = 4; lastKnownFileType = text.plist.xml; name = Info.plist; path = iChick/Info.plist; sourceTree = "<group>"; };
		13B07FB71A68108700A75B9A /* main.m */ = {isa = PBXFileReference; fileEncoding = 4; lastKnownFileType = sourcecode.c.objc; name = main.m; path = iChick/main.m; sourceTree = "<group>"; };
		155F33F8F86149C18157F61C /* Kanit-Light.ttf */ = {isa = PBXFileReference; explicitFileType = undefined; fileEncoding = 9; includeInIndex = 0; lastKnownFileType = unknown; name = "Kanit-Light.ttf"; path = "../src/assets/fonts/Kanit-Light.ttf"; sourceTree = "<group>"; };
		1620C776E50C42E5B28EA334 /* Kanit-Light.otf */ = {isa = PBXFileReference; explicitFileType = undefined; fileEncoding = 9; includeInIndex = 0; lastKnownFileType = unknown; name = "Kanit-Light.otf"; path = "../src/assets/fonts/Kanit-Light.otf"; sourceTree = "<group>"; };
		1FA299B85A53442BA8CEF81B /* Kanit-ExtraBoldItalic.otf */ = {isa = PBXFileReference; explicitFileType = undefined; fileEncoding = 9; includeInIndex = 0; lastKnownFileType = unknown; name = "Kanit-ExtraBoldItalic.otf"; path = "../src/assets/fonts/Kanit-ExtraBoldItalic.otf"; sourceTree = "<group>"; };
		262D267A07D84502BFBA8DE8 /* Kanit-LightItalic.ttf */ = {isa = PBXFileReference; explicitFileType = undefined; fileEncoding = 9; includeInIndex = 0; lastKnownFileType = unknown; name = "Kanit-LightItalic.ttf"; path = "../src/assets/fonts/Kanit-LightItalic.ttf"; sourceTree = "<group>"; };
		286B159DE3964E61BE61F2CA /* Kanit-Bold.ttf */ = {isa = PBXFileReference; explicitFileType = undefined; fileEncoding = 9; includeInIndex = 0; lastKnownFileType = unknown; name = "Kanit-Bold.ttf"; path = "../src/assets/fonts/Kanit-Bold.ttf"; sourceTree = "<group>"; };
		2D02E47B1E0B4A5D006451C7 /* iChick-tvOS.app */ = {isa = PBXFileReference; explicitFileType = wrapper.application; includeInIndex = 0; path = "iChick-tvOS.app"; sourceTree = BUILT_PRODUCTS_DIR; };
		2D02E4901E0B4A5D006451C7 /* iChick-tvOSTests.xctest */ = {isa = PBXFileReference; explicitFileType = wrapper.cfbundle; includeInIndex = 0; path = "iChick-tvOSTests.xctest"; sourceTree = BUILT_PRODUCTS_DIR; };
		2ED172B66EAD46C5B872648D /* Kanit-BoldItalic.ttf */ = {isa = PBXFileReference; explicitFileType = undefined; fileEncoding = 9; includeInIndex = 0; lastKnownFileType = unknown; name = "Kanit-BoldItalic.ttf"; path = "../src/assets/fonts/Kanit-BoldItalic.ttf"; sourceTree = "<group>"; };
		31CCD3C776054D4FB56960E3 /* Kanit-Thin.ttf */ = {isa = PBXFileReference; explicitFileType = undefined; fileEncoding = 9; includeInIndex = 0; lastKnownFileType = unknown; name = "Kanit-Thin.ttf"; path = "../src/assets/fonts/Kanit-Thin.ttf"; sourceTree = "<group>"; };
		346E91069AF1417DBC6B6406 /* Kanit-ExtraLight.otf */ = {isa = PBXFileReference; explicitFileType = undefined; fileEncoding = 9; includeInIndex = 0; lastKnownFileType = unknown; name = "Kanit-ExtraLight.otf"; path = "../src/assets/fonts/Kanit-ExtraLight.otf"; sourceTree = "<group>"; };
		351131D22C234568BCF8E3A8 /* Kanit-MediumItalic.otf */ = {isa = PBXFileReference; explicitFileType = undefined; fileEncoding = 9; includeInIndex = 0; lastKnownFileType = unknown; name = "Kanit-MediumItalic.otf"; path = "../src/assets/fonts/Kanit-MediumItalic.otf"; sourceTree = "<group>"; };
		357D5F44FC29F90389743C6F /* libPods-iChickTests.a */ = {isa = PBXFileReference; explicitFileType = archive.ar; includeInIndex = 0; path = "libPods-iChickTests.a"; sourceTree = BUILT_PRODUCTS_DIR; };
		42FC96FAB1D1172761AE2D37 /* Pods-iChick-tvOSTests.release.xcconfig */ = {isa = PBXFileReference; includeInIndex = 1; lastKnownFileType = text.xcconfig; name = "Pods-iChick-tvOSTests.release.xcconfig"; path = "Target Support Files/Pods-iChick-tvOSTests/Pods-iChick-tvOSTests.release.xcconfig"; sourceTree = "<group>"; };
		4572519035C54E0482582ECC /* Kanit-Regular.ttf */ = {isa = PBXFileReference; explicitFileType = undefined; fileEncoding = 9; includeInIndex = 0; lastKnownFileType = unknown; name = "Kanit-Regular.ttf"; path = "../src/assets/fonts/Kanit-Regular.ttf"; sourceTree = "<group>"; };
		476D17E51F4A42D6BEC47FDC /* Kanit-Thin.otf */ = {isa = PBXFileReference; explicitFileType = undefined; fileEncoding = 9; includeInIndex = 0; lastKnownFileType = unknown; name = "Kanit-Thin.otf"; path = "../src/assets/fonts/Kanit-Thin.otf"; sourceTree = "<group>"; };
		4E712F75486E454289422240 /* Kanit-SemiBoldItalic.ttf */ = {isa = PBXFileReference; explicitFileType = undefined; fileEncoding = 9; includeInIndex = 0; lastKnownFileType = unknown; name = "Kanit-SemiBoldItalic.ttf"; path = "../src/assets/fonts/Kanit-SemiBoldItalic.ttf"; sourceTree = "<group>"; };
		5E9311CE5F1747F1A7F7112C /* Kanit-Medium.ttf */ = {isa = PBXFileReference; explicitFileType = undefined; fileEncoding = 9; includeInIndex = 0; lastKnownFileType = unknown; name = "Kanit-Medium.ttf"; path = "../src/assets/fonts/Kanit-Medium.ttf"; sourceTree = "<group>"; };
		67121A1197A806E3D3629813 /* Pods-iChick-tvOS.release.xcconfig */ = {isa = PBXFileReference; includeInIndex = 1; lastKnownFileType = text.xcconfig; name = "Pods-iChick-tvOS.release.xcconfig"; path = "Target Support Files/Pods-iChick-tvOS/Pods-iChick-tvOS.release.xcconfig"; sourceTree = "<group>"; };
		6AE0CEEA8FF2344E4AE617C1 /* Pods-iChick.release.xcconfig */ = {isa = PBXFileReference; includeInIndex = 1; lastKnownFileType = text.xcconfig; name = "Pods-iChick.release.xcconfig"; path = "Target Support Files/Pods-iChick/Pods-iChick.release.xcconfig"; sourceTree = "<group>"; };
		6EE5D40671E84B36824F0C44 /* Kanit-BlackItalic.otf */ = {isa = PBXFileReference; explicitFileType = undefined; fileEncoding = 9; includeInIndex = 0; lastKnownFileType = unknown; name = "Kanit-BlackItalic.otf"; path = "../src/assets/fonts/Kanit-BlackItalic.otf"; sourceTree = "<group>"; };
		7D911E02651C488589101381 /* Kanit-ExtraBold.otf */ = {isa = PBXFileReference; explicitFileType = undefined; fileEncoding = 9; includeInIndex = 0; lastKnownFileType = unknown; name = "Kanit-ExtraBold.otf"; path = "../src/assets/fonts/Kanit-ExtraBold.otf"; sourceTree = "<group>"; };
		8D79DF6C4B134EE38BAB8DDC /* Kanit-MediumItalic.ttf */ = {isa = PBXFileReference; explicitFileType = undefined; fileEncoding = 9; includeInIndex = 0; lastKnownFileType = unknown; name = "Kanit-MediumItalic.ttf"; path = "../src/assets/fonts/Kanit-MediumItalic.ttf"; sourceTree = "<group>"; };
		9109170E8F61A617DB19304C /* Pods-iChick-tvOSTests.debug.xcconfig */ = {isa = PBXFileReference; includeInIndex = 1; lastKnownFileType = text.xcconfig; name = "Pods-iChick-tvOSTests.debug.xcconfig"; path = "Target Support Files/Pods-iChick-tvOSTests/Pods-iChick-tvOSTests.debug.xcconfig"; sourceTree = "<group>"; };
		97CC68503212554BADEEE49F /* libPods-iChick-tvOSTests.a */ = {isa = PBXFileReference; explicitFileType = archive.ar; includeInIndex = 0; path = "libPods-iChick-tvOSTests.a"; sourceTree = BUILT_PRODUCTS_DIR; };
		A0887ED13A774BA17B54D2A6 /* Pods-iChick-tvOS.debug.xcconfig */ = {isa = PBXFileReference; includeInIndex = 1; lastKnownFileType = text.xcconfig; name = "Pods-iChick-tvOS.debug.xcconfig"; path = "Target Support Files/Pods-iChick-tvOS/Pods-iChick-tvOS.debug.xcconfig"; sourceTree = "<group>"; };
		A8C13D769E000AE22ABB8FB9 /* Pods-iChickTests.release.xcconfig */ = {isa = PBXFileReference; includeInIndex = 1; lastKnownFileType = text.xcconfig; name = "Pods-iChickTests.release.xcconfig"; path = "Target Support Files/Pods-iChickTests/Pods-iChickTests.release.xcconfig"; sourceTree = "<group>"; };
		AE027BF638E04B9E8F2FC660 /* Kanit-ExtraLightItalic.ttf */ = {isa = PBXFileReference; explicitFileType = undefined; fileEncoding = 9; includeInIndex = 0; lastKnownFileType = unknown; name = "Kanit-ExtraLightItalic.ttf"; path = "../src/assets/fonts/Kanit-ExtraLightItalic.ttf"; sourceTree = "<group>"; };
		AF966E64117F441E86E0039E /* Kanit-Black.otf */ = {isa = PBXFileReference; explicitFileType = undefined; fileEncoding = 9; includeInIndex = 0; lastKnownFileType = unknown; name = "Kanit-Black.otf"; path = "../src/assets/fonts/Kanit-Black.otf"; sourceTree = "<group>"; };
		B0523E51555FB7B4592C11E5 /* libPods-iChick-tvOS.a */ = {isa = PBXFileReference; explicitFileType = archive.ar; includeInIndex = 0; path = "libPods-iChick-tvOS.a"; sourceTree = BUILT_PRODUCTS_DIR; };
		B8AAFE60F5984931B0712E85 /* Kanit-ThinItalic.ttf */ = {isa = PBXFileReference; explicitFileType = undefined; fileEncoding = 9; includeInIndex = 0; lastKnownFileType = unknown; name = "Kanit-ThinItalic.ttf"; path = "../src/assets/fonts/Kanit-ThinItalic.ttf"; sourceTree = "<group>"; };
		BC5E685FB3167BF3E6042284 /* libPods-iChick.a */ = {isa = PBXFileReference; explicitFileType = archive.ar; includeInIndex = 0; path = "libPods-iChick.a"; sourceTree = BUILT_PRODUCTS_DIR; };
		C3B27745B97B4C78964EE07E /* Kanit-SemiBold.ttf */ = {isa = PBXFileReference; explicitFileType = undefined; fileEncoding = 9; includeInIndex = 0; lastKnownFileType = unknown; name = "Kanit-SemiBold.ttf"; path = "../src/assets/fonts/Kanit-SemiBold.ttf"; sourceTree = "<group>"; };
		C43023DD19FD4E05920C8310 /* Kanit-ExtraBoldItalic.ttf */ = {isa = PBXFileReference; explicitFileType = undefined; fileEncoding = 9; includeInIndex = 0; lastKnownFileType = unknown; name = "Kanit-ExtraBoldItalic.ttf"; path = "../src/assets/fonts/Kanit-ExtraBoldItalic.ttf"; sourceTree = "<group>"; };
		D5B7E788B358440C85FC992B /* Kanit-BlackItalic.ttf */ = {isa = PBXFileReference; explicitFileType = undefined; fileEncoding = 9; includeInIndex = 0; lastKnownFileType = unknown; name = "Kanit-BlackItalic.ttf"; path = "../src/assets/fonts/Kanit-BlackItalic.ttf"; sourceTree = "<group>"; };
		D76B7C63037D41CCA7C8EDE2 /* Kanit-SemiBold.otf */ = {isa = PBXFileReference; explicitFileType = undefined; fileEncoding = 9; includeInIndex = 0; lastKnownFileType = unknown; name = "Kanit-SemiBold.otf"; path = "../src/assets/fonts/Kanit-SemiBold.otf"; sourceTree = "<group>"; };
		D94E6F0F018C4B038E7964F0 /* Kanit-Black.ttf */ = {isa = PBXFileReference; explicitFileType = undefined; fileEncoding = 9; includeInIndex = 0; lastKnownFileType = unknown; name = "Kanit-Black.ttf"; path = "../src/assets/fonts/Kanit-Black.ttf"; sourceTree = "<group>"; };
		DB6E45E689D0466A8E63FB3E /* Kanit-LightItalic.otf */ = {isa = PBXFileReference; explicitFileType = undefined; fileEncoding = 9; includeInIndex = 0; lastKnownFileType = unknown; name = "Kanit-LightItalic.otf"; path = "../src/assets/fonts/Kanit-LightItalic.otf"; sourceTree = "<group>"; };
		DB93B30DC22A4C07B04BFD59 /* Kanit-ThinItalic.otf */ = {isa = PBXFileReference; explicitFileType = undefined; fileEncoding = 9; includeInIndex = 0; lastKnownFileType = unknown; name = "Kanit-ThinItalic.otf"; path = "../src/assets/fonts/Kanit-ThinItalic.otf"; sourceTree = "<group>"; };
		DBDE3E8AEA5D67A1AA6FE03D /* Pods-iChick.debug.xcconfig */ = {isa = PBXFileReference; includeInIndex = 1; lastKnownFileType = text.xcconfig; name = "Pods-iChick.debug.xcconfig"; path = "Target Support Files/Pods-iChick/Pods-iChick.debug.xcconfig"; sourceTree = "<group>"; };
		DF186A0F2382C48300379280 /* Fonts */ = {isa = PBXFileReference; lastKnownFileType = folder; name = Fonts; path = "../node_modules/react-native-vector-icons/Fonts"; sourceTree = "<group>"; };
		DFD219A0B6EE91B2203B2EFA /* Pods-iChickTests.debug.xcconfig */ = {isa = PBXFileReference; includeInIndex = 1; lastKnownFileType = text.xcconfig; name = "Pods-iChickTests.debug.xcconfig"; path = "Target Support Files/Pods-iChickTests/Pods-iChickTests.debug.xcconfig"; sourceTree = "<group>"; };
		E3E8608B0D6F478CB235296F /* Kanit-SemiBoldItalic.otf */ = {isa = PBXFileReference; explicitFileType = undefined; fileEncoding = 9; includeInIndex = 0; lastKnownFileType = unknown; name = "Kanit-SemiBoldItalic.otf"; path = "../src/assets/fonts/Kanit-SemiBoldItalic.otf"; sourceTree = "<group>"; };
		E751D7F23AB249B1A03FAA03 /* Kanit-Regular.otf */ = {isa = PBXFileReference; explicitFileType = undefined; fileEncoding = 9; includeInIndex = 0; lastKnownFileType = unknown; name = "Kanit-Regular.otf"; path = "../src/assets/fonts/Kanit-Regular.otf"; sourceTree = "<group>"; };
		ED297162215061F000B7C4FE /* JavaScriptCore.framework */ = {isa = PBXFileReference; lastKnownFileType = wrapper.framework; name = JavaScriptCore.framework; path = System/Library/Frameworks/JavaScriptCore.framework; sourceTree = SDKROOT; };
		ED2971642150620600B7C4FE /* JavaScriptCore.framework */ = {isa = PBXFileReference; lastKnownFileType = wrapper.framework; name = JavaScriptCore.framework; path = Platforms/AppleTVOS.platform/Developer/SDKs/AppleTVOS12.0.sdk/System/Library/Frameworks/JavaScriptCore.framework; sourceTree = DEVELOPER_DIR; };
		EFE80C2B84EF461D927804AD /* Kanit-ExtraBold.ttf */ = {isa = PBXFileReference; explicitFileType = undefined; fileEncoding = 9; includeInIndex = 0; lastKnownFileType = unknown; name = "Kanit-ExtraBold.ttf"; path = "../src/assets/fonts/Kanit-ExtraBold.ttf"; sourceTree = "<group>"; };
		FB8AB765CA5D4079A4F46B1F /* Kanit-BoldItalic.otf */ = {isa = PBXFileReference; explicitFileType = undefined; fileEncoding = 9; includeInIndex = 0; lastKnownFileType = unknown; name = "Kanit-BoldItalic.otf"; path = "../src/assets/fonts/Kanit-BoldItalic.otf"; sourceTree = "<group>"; };
		FE75363893284BEB8C47567D /* Kanit-Medium.otf */ = {isa = PBXFileReference; explicitFileType = undefined; fileEncoding = 9; includeInIndex = 0; lastKnownFileType = unknown; name = "Kanit-Medium.otf"; path = "../src/assets/fonts/Kanit-Medium.otf"; sourceTree = "<group>"; };
/* End PBXFileReference section */

/* Begin PBXFrameworksBuildPhase section */
		00E356EB1AD99517003FC87E /* Frameworks */ = {
			isa = PBXFrameworksBuildPhase;
			buildActionMask = 2147483647;
			files = (
				C56DA8E0756DCD840D5A1F0B /* libPods-iChickTests.a in Frameworks */,
			);
			runOnlyForDeploymentPostprocessing = 0;
		};
		13B07F8C1A680F5B00A75B9A /* Frameworks */ = {
			isa = PBXFrameworksBuildPhase;
			buildActionMask = 2147483647;
			files = (
				C438BCF549339071657648B6 /* libPods-iChick.a in Frameworks */,
			);
			runOnlyForDeploymentPostprocessing = 0;
		};
		2D02E4781E0B4A5D006451C7 /* Frameworks */ = {
			isa = PBXFrameworksBuildPhase;
			buildActionMask = 2147483647;
			files = (
				397711CBF53348324403C2E6 /* libPods-iChick-tvOS.a in Frameworks */,
			);
			runOnlyForDeploymentPostprocessing = 0;
		};
		2D02E48D1E0B4A5D006451C7 /* Frameworks */ = {
			isa = PBXFrameworksBuildPhase;
			buildActionMask = 2147483647;
			files = (
				89F8B9EFDD05B93589FD6B35 /* libPods-iChick-tvOSTests.a in Frameworks */,
			);
			runOnlyForDeploymentPostprocessing = 0;
		};
/* End PBXFrameworksBuildPhase section */

/* Begin PBXGroup section */
		00E356EF1AD99517003FC87E /* iChickTests */ = {
			isa = PBXGroup;
			children = (
				00E356F21AD99517003FC87E /* iChickTests.m */,
				00E356F01AD99517003FC87E /* Supporting Files */,
			);
			path = iChickTests;
			sourceTree = "<group>";
		};
		00E356F01AD99517003FC87E /* Supporting Files */ = {
			isa = PBXGroup;
			children = (
				00E356F11AD99517003FC87E /* Info.plist */,
			);
			name = "Supporting Files";
			sourceTree = "<group>";
		};
		13B07FAE1A68108700A75B9A /* iChick */ = {
			isa = PBXGroup;
			children = (
				008F07F21AC5B25A0029DE68 /* main.jsbundle */,
				13B07FAF1A68108700A75B9A /* AppDelegate.h */,
				13B07FB01A68108700A75B9A /* AppDelegate.m */,
				13B07FB51A68108700A75B9A /* Images.xcassets */,
				13B07FB61A68108700A75B9A /* Info.plist */,
				13B07FB11A68108700A75B9A /* LaunchScreen.xib */,
				13B07FB71A68108700A75B9A /* main.m */,
			);
			name = iChick;
			sourceTree = "<group>";
		};
		2D16E6871FA4F8E400B85C8A /* Frameworks */ = {
			isa = PBXGroup;
			children = (
				ED297162215061F000B7C4FE /* JavaScriptCore.framework */,
				ED2971642150620600B7C4FE /* JavaScriptCore.framework */,
				BC5E685FB3167BF3E6042284 /* libPods-iChick.a */,
				B0523E51555FB7B4592C11E5 /* libPods-iChick-tvOS.a */,
				97CC68503212554BADEEE49F /* libPods-iChick-tvOSTests.a */,
				357D5F44FC29F90389743C6F /* libPods-iChickTests.a */,
			);
			name = Frameworks;
			sourceTree = "<group>";
		};
		32F36917093B433C96D81B65 /* Resources */ = {
			isa = PBXGroup;
			children = (
				AF966E64117F441E86E0039E /* Kanit-Black.otf */,
				D94E6F0F018C4B038E7964F0 /* Kanit-Black.ttf */,
				6EE5D40671E84B36824F0C44 /* Kanit-BlackItalic.otf */,
				D5B7E788B358440C85FC992B /* Kanit-BlackItalic.ttf */,
				10C3B43E7CB343139B438B5A /* Kanit-Bold.otf */,
				286B159DE3964E61BE61F2CA /* Kanit-Bold.ttf */,
				FB8AB765CA5D4079A4F46B1F /* Kanit-BoldItalic.otf */,
				2ED172B66EAD46C5B872648D /* Kanit-BoldItalic.ttf */,
				7D911E02651C488589101381 /* Kanit-ExtraBold.otf */,
				EFE80C2B84EF461D927804AD /* Kanit-ExtraBold.ttf */,
				1FA299B85A53442BA8CEF81B /* Kanit-ExtraBoldItalic.otf */,
				C43023DD19FD4E05920C8310 /* Kanit-ExtraBoldItalic.ttf */,
				346E91069AF1417DBC6B6406 /* Kanit-ExtraLight.otf */,
				00F71BB478F64203BF7FE170 /* Kanit-ExtraLight.ttf */,
				12586251C45E45D180C3B9BD /* Kanit-ExtraLightItalic.otf */,
				AE027BF638E04B9E8F2FC660 /* Kanit-ExtraLightItalic.ttf */,
				0E3CD929A940473FBAB96A37 /* Kanit-Italic.otf */,
				0FBB08166DC14B5DB9B8553D /* Kanit-Italic.ttf */,
				1620C776E50C42E5B28EA334 /* Kanit-Light.otf */,
				155F33F8F86149C18157F61C /* Kanit-Light.ttf */,
				DB6E45E689D0466A8E63FB3E /* Kanit-LightItalic.otf */,
				262D267A07D84502BFBA8DE8 /* Kanit-LightItalic.ttf */,
				FE75363893284BEB8C47567D /* Kanit-Medium.otf */,
				5E9311CE5F1747F1A7F7112C /* Kanit-Medium.ttf */,
				351131D22C234568BCF8E3A8 /* Kanit-MediumItalic.otf */,
				8D79DF6C4B134EE38BAB8DDC /* Kanit-MediumItalic.ttf */,
				E751D7F23AB249B1A03FAA03 /* Kanit-Regular.otf */,
				4572519035C54E0482582ECC /* Kanit-Regular.ttf */,
				D76B7C63037D41CCA7C8EDE2 /* Kanit-SemiBold.otf */,
				C3B27745B97B4C78964EE07E /* Kanit-SemiBold.ttf */,
				E3E8608B0D6F478CB235296F /* Kanit-SemiBoldItalic.otf */,
				4E712F75486E454289422240 /* Kanit-SemiBoldItalic.ttf */,
				476D17E51F4A42D6BEC47FDC /* Kanit-Thin.otf */,
				31CCD3C776054D4FB56960E3 /* Kanit-Thin.ttf */,
				DB93B30DC22A4C07B04BFD59 /* Kanit-ThinItalic.otf */,
				B8AAFE60F5984931B0712E85 /* Kanit-ThinItalic.ttf */,
			);
			name = Resources;
			sourceTree = "<group>";
		};
		69F5F4C862E37995CCBB5F9B /* Pods */ = {
			isa = PBXGroup;
			children = (
				DBDE3E8AEA5D67A1AA6FE03D /* Pods-iChick.debug.xcconfig */,
				6AE0CEEA8FF2344E4AE617C1 /* Pods-iChick.release.xcconfig */,
				A0887ED13A774BA17B54D2A6 /* Pods-iChick-tvOS.debug.xcconfig */,
				67121A1197A806E3D3629813 /* Pods-iChick-tvOS.release.xcconfig */,
				9109170E8F61A617DB19304C /* Pods-iChick-tvOSTests.debug.xcconfig */,
				42FC96FAB1D1172761AE2D37 /* Pods-iChick-tvOSTests.release.xcconfig */,
				DFD219A0B6EE91B2203B2EFA /* Pods-iChickTests.debug.xcconfig */,
				A8C13D769E000AE22ABB8FB9 /* Pods-iChickTests.release.xcconfig */,
			);
			path = Pods;
			sourceTree = "<group>";
		};
		832341AE1AAA6A7D00B99B32 /* Libraries */ = {
			isa = PBXGroup;
			children = (
			);
			name = Libraries;
			sourceTree = "<group>";
		};
		83CBB9F61A601CBA00E9B192 = {
			isa = PBXGroup;
			children = (
				DF186A0F2382C48300379280 /* Fonts */,
				13B07FAE1A68108700A75B9A /* iChick */,
				832341AE1AAA6A7D00B99B32 /* Libraries */,
				00E356EF1AD99517003FC87E /* iChickTests */,
				83CBBA001A601CBA00E9B192 /* Products */,
				2D16E6871FA4F8E400B85C8A /* Frameworks */,
				69F5F4C862E37995CCBB5F9B /* Pods */,
				32F36917093B433C96D81B65 /* Resources */,
			);
			indentWidth = 2;
			sourceTree = "<group>";
			tabWidth = 2;
			usesTabs = 0;
		};
		83CBBA001A601CBA00E9B192 /* Products */ = {
			isa = PBXGroup;
			children = (
				13B07F961A680F5B00A75B9A /* iChick.app */,
				00E356EE1AD99517003FC87E /* iChickTests.xctest */,
				2D02E47B1E0B4A5D006451C7 /* iChick-tvOS.app */,
				2D02E4901E0B4A5D006451C7 /* iChick-tvOSTests.xctest */,
			);
			name = Products;
			sourceTree = "<group>";
		};
/* End PBXGroup section */

/* Begin PBXNativeTarget section */
		00E356ED1AD99517003FC87E /* iChickTests */ = {
			isa = PBXNativeTarget;
			buildConfigurationList = 00E357021AD99517003FC87E /* Build configuration list for PBXNativeTarget "iChickTests" */;
			buildPhases = (
				6F104C4FBB020ABD398C347A /* [CP] Check Pods Manifest.lock */,
				00E356EA1AD99517003FC87E /* Sources */,
				00E356EB1AD99517003FC87E /* Frameworks */,
				00E356EC1AD99517003FC87E /* Resources */,
			);
			buildRules = (
			);
			dependencies = (
				00E356F51AD99517003FC87E /* PBXTargetDependency */,
			);
			name = iChickTests;
			productName = iChickTests;
			productReference = 00E356EE1AD99517003FC87E /* iChickTests.xctest */;
			productType = "com.apple.product-type.bundle.unit-test";
		};
		13B07F861A680F5B00A75B9A /* iChick */ = {
			isa = PBXNativeTarget;
			buildConfigurationList = 13B07F931A680F5B00A75B9A /* Build configuration list for PBXNativeTarget "iChick" */;
			buildPhases = (
				A806B5E4E6DAF372D6445069 /* [CP] Check Pods Manifest.lock */,
				FD10A7F022414F080027D42C /* Start Packager */,
				13B07F871A680F5B00A75B9A /* Sources */,
				13B07F8C1A680F5B00A75B9A /* Frameworks */,
				13B07F8E1A680F5B00A75B9A /* Resources */,
				00DD1BFF1BD5951E006B06BC /* Bundle React Native code and images */,
				830FF12FD5F35AA6138FCE9B /* [CP] Copy Pods Resources */,
			);
			buildRules = (
			);
			dependencies = (
			);
			name = iChick;
			productName = iChick;
			productReference = 13B07F961A680F5B00A75B9A /* iChick.app */;
			productType = "com.apple.product-type.application";
		};
		2D02E47A1E0B4A5D006451C7 /* iChick-tvOS */ = {
			isa = PBXNativeTarget;
			buildConfigurationList = 2D02E4BA1E0B4A5E006451C7 /* Build configuration list for PBXNativeTarget "iChick-tvOS" */;
			buildPhases = (
				2DF6A7A7391F63E7AC468F6E /* [CP] Check Pods Manifest.lock */,
				FD10A7F122414F3F0027D42C /* Start Packager */,
				2D02E4771E0B4A5D006451C7 /* Sources */,
				2D02E4781E0B4A5D006451C7 /* Frameworks */,
				2D02E4791E0B4A5D006451C7 /* Resources */,
				2D02E4CB1E0B4B27006451C7 /* Bundle React Native Code And Images */,
			);
			buildRules = (
			);
			dependencies = (
			);
			name = "iChick-tvOS";
			productName = "iChick-tvOS";
			productReference = 2D02E47B1E0B4A5D006451C7 /* iChick-tvOS.app */;
			productType = "com.apple.product-type.application";
		};
		2D02E48F1E0B4A5D006451C7 /* iChick-tvOSTests */ = {
			isa = PBXNativeTarget;
			buildConfigurationList = 2D02E4BB1E0B4A5E006451C7 /* Build configuration list for PBXNativeTarget "iChick-tvOSTests" */;
			buildPhases = (
				BBD001C53AE22DDC0DEB241B /* [CP] Check Pods Manifest.lock */,
				2D02E48C1E0B4A5D006451C7 /* Sources */,
				2D02E48D1E0B4A5D006451C7 /* Frameworks */,
				2D02E48E1E0B4A5D006451C7 /* Resources */,
			);
			buildRules = (
			);
			dependencies = (
				2D02E4921E0B4A5D006451C7 /* PBXTargetDependency */,
			);
			name = "iChick-tvOSTests";
			productName = "iChick-tvOSTests";
			productReference = 2D02E4901E0B4A5D006451C7 /* iChick-tvOSTests.xctest */;
			productType = "com.apple.product-type.bundle.unit-test";
		};
/* End PBXNativeTarget section */

/* Begin PBXProject section */
		83CBB9F71A601CBA00E9B192 /* Project object */ = {
			isa = PBXProject;
			attributes = {
				LastUpgradeCheck = 940;
				ORGANIZATIONNAME = Facebook;
				TargetAttributes = {
					00E356ED1AD99517003FC87E = {
						CreatedOnToolsVersion = 6.2;
						TestTargetID = 13B07F861A680F5B00A75B9A;
					};
					2D02E47A1E0B4A5D006451C7 = {
						CreatedOnToolsVersion = 8.2.1;
						ProvisioningStyle = Automatic;
					};
					2D02E48F1E0B4A5D006451C7 = {
						CreatedOnToolsVersion = 8.2.1;
						ProvisioningStyle = Automatic;
						TestTargetID = 2D02E47A1E0B4A5D006451C7;
					};
				};
			};
			buildConfigurationList = 83CBB9FA1A601CBA00E9B192 /* Build configuration list for PBXProject "iChick" */;
			compatibilityVersion = "Xcode 3.2";
			developmentRegion = English;
			hasScannedForEncodings = 0;
			knownRegions = (
				English,
				en,
				Base,
			);
			mainGroup = 83CBB9F61A601CBA00E9B192;
			productRefGroup = 83CBBA001A601CBA00E9B192 /* Products */;
			projectDirPath = "";
			projectRoot = "";
			targets = (
				13B07F861A680F5B00A75B9A /* iChick */,
				00E356ED1AD99517003FC87E /* iChickTests */,
				2D02E47A1E0B4A5D006451C7 /* iChick-tvOS */,
				2D02E48F1E0B4A5D006451C7 /* iChick-tvOSTests */,
			);
		};
/* End PBXProject section */

/* Begin PBXResourcesBuildPhase section */
		00E356EC1AD99517003FC87E /* Resources */ = {
			isa = PBXResourcesBuildPhase;
			buildActionMask = 2147483647;
			files = (
			);
			runOnlyForDeploymentPostprocessing = 0;
		};
		13B07F8E1A680F5B00A75B9A /* Resources */ = {
			isa = PBXResourcesBuildPhase;
			buildActionMask = 2147483647;
			files = (
				13B07FBF1A68108700A75B9A /* Images.xcassets in Resources */,
				13B07FBD1A68108700A75B9A /* LaunchScreen.xib in Resources */,
				35B70BF07E63438985E977BE /* Kanit-Black.otf in Resources */,
				36B607F75DBD47328912B5F0 /* Kanit-Black.ttf in Resources */,
				71609DFB24064AECB61744E1 /* Kanit-BlackItalic.otf in Resources */,
				E3B653DEEBA84F6E82A22530 /* Kanit-BlackItalic.ttf in Resources */,
				9988CE8A07E2424499DD6999 /* Kanit-Bold.otf in Resources */,
				BB5B037FFCEE4FC48D590A4E /* Kanit-Bold.ttf in Resources */,
				CCAFEB8C816240F594D94FAC /* Kanit-BoldItalic.otf in Resources */,
				53317F76B4B14E9E998F11F6 /* Kanit-BoldItalic.ttf in Resources */,
				CEC2D29BFAA540AC87EC7CE8 /* Kanit-ExtraBold.otf in Resources */,
				24CC5509E3704919A31E3976 /* Kanit-ExtraBold.ttf in Resources */,
				D0F7E958D30F4F33B612BCDA /* Kanit-ExtraBoldItalic.otf in Resources */,
				675919DB2E9C4532AA49B551 /* Kanit-ExtraBoldItalic.ttf in Resources */,
				4D813F96EB2C463591EE5786 /* Kanit-ExtraLight.otf in Resources */,
				D425DEC596C7470DA0C0FD7D /* Kanit-ExtraLight.ttf in Resources */,
				91510044D4A24204B70817E0 /* Kanit-ExtraLightItalic.otf in Resources */,
				C9AAAA7D02E24E01A3AF6D9F /* Kanit-ExtraLightItalic.ttf in Resources */,
				DF186A102382C48300379280 /* Fonts in Resources */,
				6D59B7E9600343918E3334EB /* Kanit-Italic.otf in Resources */,
				2C5207DD41614B90AC16C06D /* Kanit-Italic.ttf in Resources */,
				9B3948DCD2194641B2A664A8 /* Kanit-Light.otf in Resources */,
				51E45CCD2C6C449DA97F7B28 /* Kanit-Light.ttf in Resources */,
				60D94901CF3843CDBA8C6BEE /* Kanit-LightItalic.otf in Resources */,
				8B513BE402AD4DB3935DDDC0 /* Kanit-LightItalic.ttf in Resources */,
				11912B69A4C3441E9482717A /* Kanit-Medium.otf in Resources */,
				D5E81F3122774D0FA9176847 /* Kanit-Medium.ttf in Resources */,
				13D7C23AA66D425FB7673AB1 /* Kanit-MediumItalic.otf in Resources */,
				B5419929EC604F41A1F182CD /* Kanit-MediumItalic.ttf in Resources */,
				FB63519C8AE24F6FB56F6D49 /* Kanit-Regular.otf in Resources */,
				959379B49E5A416B83FB3A69 /* Kanit-Regular.ttf in Resources */,
				276B127E68D34864B7D1DBC5 /* Kanit-SemiBold.otf in Resources */,
				BED168F3ABEA4FCC9556DAEA /* Kanit-SemiBold.ttf in Resources */,
				E4911D52D59B44EDAD051668 /* Kanit-SemiBoldItalic.otf in Resources */,
				F15890E2D272418891167EC0 /* Kanit-SemiBoldItalic.ttf in Resources */,
				B358B2CC7ADC4B24A3E940BF /* Kanit-Thin.otf in Resources */,
				8854E61D79A946EBB547B07F /* Kanit-Thin.ttf in Resources */,
				883A1496935A476AA493B8D8 /* Kanit-ThinItalic.otf in Resources */,
				A9EEC15DE7F449BD83C37A9D /* Kanit-ThinItalic.ttf in Resources */,
			);
			runOnlyForDeploymentPostprocessing = 0;
		};
		2D02E4791E0B4A5D006451C7 /* Resources */ = {
			isa = PBXResourcesBuildPhase;
			buildActionMask = 2147483647;
			files = (
				2D02E4BD1E0B4A84006451C7 /* Images.xcassets in Resources */,
			);
			runOnlyForDeploymentPostprocessing = 0;
		};
		2D02E48E1E0B4A5D006451C7 /* Resources */ = {
			isa = PBXResourcesBuildPhase;
			buildActionMask = 2147483647;
			files = (
			);
			runOnlyForDeploymentPostprocessing = 0;
		};
/* End PBXResourcesBuildPhase section */

/* Begin PBXShellScriptBuildPhase section */
		00DD1BFF1BD5951E006B06BC /* Bundle React Native code and images */ = {
			isa = PBXShellScriptBuildPhase;
			buildActionMask = 2147483647;
			files = (
			);
			inputPaths = (
			);
			name = "Bundle React Native code and images";
			outputPaths = (
			);
			runOnlyForDeploymentPostprocessing = 0;
			shellPath = /bin/sh;
			shellScript = "export NODE_BINARY=node\n../node_modules/react-native/scripts/react-native-xcode.sh";
		};
		2D02E4CB1E0B4B27006451C7 /* Bundle React Native Code And Images */ = {
			isa = PBXShellScriptBuildPhase;
			buildActionMask = 2147483647;
			files = (
			);
			inputPaths = (
			);
			name = "Bundle React Native Code And Images";
			outputPaths = (
			);
			runOnlyForDeploymentPostprocessing = 0;
			shellPath = /bin/sh;
			shellScript = "export NODE_BINARY=node\n../node_modules/react-native/scripts/react-native-xcode.sh";
		};
		2DF6A7A7391F63E7AC468F6E /* [CP] Check Pods Manifest.lock */ = {
			isa = PBXShellScriptBuildPhase;
			buildActionMask = 2147483647;
			files = (
			);
			inputFileListPaths = (
			);
			inputPaths = (
				"${PODS_PODFILE_DIR_PATH}/Podfile.lock",
				"${PODS_ROOT}/Manifest.lock",
			);
			name = "[CP] Check Pods Manifest.lock";
			outputFileListPaths = (
			);
			outputPaths = (
				"$(DERIVED_FILE_DIR)/Pods-iChick-tvOS-checkManifestLockResult.txt",
			);
			runOnlyForDeploymentPostprocessing = 0;
			shellPath = /bin/sh;
			shellScript = "diff \"${PODS_PODFILE_DIR_PATH}/Podfile.lock\" \"${PODS_ROOT}/Manifest.lock\" > /dev/null\nif [ $? != 0 ] ; then\n    # print error to STDERR\n    echo \"error: The sandbox is not in sync with the Podfile.lock. Run 'pod install' or update your CocoaPods installation.\" >&2\n    exit 1\nfi\n# This output is used by Xcode 'outputs' to avoid re-running this script phase.\necho \"SUCCESS\" > \"${SCRIPT_OUTPUT_FILE_0}\"\n";
			showEnvVarsInLog = 0;
		};
		6F104C4FBB020ABD398C347A /* [CP] Check Pods Manifest.lock */ = {
			isa = PBXShellScriptBuildPhase;
			buildActionMask = 2147483647;
			files = (
			);
			inputFileListPaths = (
			);
			inputPaths = (
				"${PODS_PODFILE_DIR_PATH}/Podfile.lock",
				"${PODS_ROOT}/Manifest.lock",
			);
			name = "[CP] Check Pods Manifest.lock";
			outputFileListPaths = (
			);
			outputPaths = (
				"$(DERIVED_FILE_DIR)/Pods-iChickTests-checkManifestLockResult.txt",
			);
			runOnlyForDeploymentPostprocessing = 0;
			shellPath = /bin/sh;
			shellScript = "diff \"${PODS_PODFILE_DIR_PATH}/Podfile.lock\" \"${PODS_ROOT}/Manifest.lock\" > /dev/null\nif [ $? != 0 ] ; then\n    # print error to STDERR\n    echo \"error: The sandbox is not in sync with the Podfile.lock. Run 'pod install' or update your CocoaPods installation.\" >&2\n    exit 1\nfi\n# This output is used by Xcode 'outputs' to avoid re-running this script phase.\necho \"SUCCESS\" > \"${SCRIPT_OUTPUT_FILE_0}\"\n";
			showEnvVarsInLog = 0;
		};
		830FF12FD5F35AA6138FCE9B /* [CP] Copy Pods Resources */ = {
			isa = PBXShellScriptBuildPhase;
			buildActionMask = 2147483647;
			files = (
			);
			inputPaths = (
				"${PODS_ROOT}/Target Support Files/Pods-iChick/Pods-iChick-resources.sh",
				"${PODS_ROOT}/../../node_modules/react-native-vector-icons/Fonts/AntDesign.ttf",
				"${PODS_ROOT}/../../node_modules/react-native-vector-icons/Fonts/Entypo.ttf",
				"${PODS_ROOT}/../../node_modules/react-native-vector-icons/Fonts/EvilIcons.ttf",
				"${PODS_ROOT}/../../node_modules/react-native-vector-icons/Fonts/Feather.ttf",
				"${PODS_ROOT}/../../node_modules/react-native-vector-icons/Fonts/FontAwesome.ttf",
				"${PODS_ROOT}/../../node_modules/react-native-vector-icons/Fonts/FontAwesome5_Brands.ttf",
				"${PODS_ROOT}/../../node_modules/react-native-vector-icons/Fonts/FontAwesome5_Regular.ttf",
				"${PODS_ROOT}/../../node_modules/react-native-vector-icons/Fonts/FontAwesome5_Solid.ttf",
				"${PODS_ROOT}/../../node_modules/react-native-vector-icons/Fonts/Fontisto.ttf",
				"${PODS_ROOT}/../../node_modules/react-native-vector-icons/Fonts/Foundation.ttf",
				"${PODS_ROOT}/../../node_modules/react-native-vector-icons/Fonts/Ionicons.ttf",
				"${PODS_ROOT}/../../node_modules/react-native-vector-icons/Fonts/MaterialCommunityIcons.ttf",
				"${PODS_ROOT}/../../node_modules/react-native-vector-icons/Fonts/MaterialIcons.ttf",
				"${PODS_ROOT}/../../node_modules/react-native-vector-icons/Fonts/Octicons.ttf",
				"${PODS_ROOT}/../../node_modules/react-native-vector-icons/Fonts/SimpleLineIcons.ttf",
				"${PODS_ROOT}/../../node_modules/react-native-vector-icons/Fonts/Zocial.ttf",
			);
			name = "[CP] Copy Pods Resources";
			outputPaths = (
				"${TARGET_BUILD_DIR}/${UNLOCALIZED_RESOURCES_FOLDER_PATH}/AntDesign.ttf",
				"${TARGET_BUILD_DIR}/${UNLOCALIZED_RESOURCES_FOLDER_PATH}/Entypo.ttf",
				"${TARGET_BUILD_DIR}/${UNLOCALIZED_RESOURCES_FOLDER_PATH}/EvilIcons.ttf",
				"${TARGET_BUILD_DIR}/${UNLOCALIZED_RESOURCES_FOLDER_PATH}/Feather.ttf",
				"${TARGET_BUILD_DIR}/${UNLOCALIZED_RESOURCES_FOLDER_PATH}/FontAwesome.ttf",
				"${TARGET_BUILD_DIR}/${UNLOCALIZED_RESOURCES_FOLDER_PATH}/FontAwesome5_Brands.ttf",
				"${TARGET_BUILD_DIR}/${UNLOCALIZED_RESOURCES_FOLDER_PATH}/FontAwesome5_Regular.ttf",
				"${TARGET_BUILD_DIR}/${UNLOCALIZED_RESOURCES_FOLDER_PATH}/FontAwesome5_Solid.ttf",
				"${TARGET_BUILD_DIR}/${UNLOCALIZED_RESOURCES_FOLDER_PATH}/Fontisto.ttf",
				"${TARGET_BUILD_DIR}/${UNLOCALIZED_RESOURCES_FOLDER_PATH}/Foundation.ttf",
				"${TARGET_BUILD_DIR}/${UNLOCALIZED_RESOURCES_FOLDER_PATH}/Ionicons.ttf",
				"${TARGET_BUILD_DIR}/${UNLOCALIZED_RESOURCES_FOLDER_PATH}/MaterialCommunityIcons.ttf",
				"${TARGET_BUILD_DIR}/${UNLOCALIZED_RESOURCES_FOLDER_PATH}/MaterialIcons.ttf",
				"${TARGET_BUILD_DIR}/${UNLOCALIZED_RESOURCES_FOLDER_PATH}/Octicons.ttf",
				"${TARGET_BUILD_DIR}/${UNLOCALIZED_RESOURCES_FOLDER_PATH}/SimpleLineIcons.ttf",
				"${TARGET_BUILD_DIR}/${UNLOCALIZED_RESOURCES_FOLDER_PATH}/Zocial.ttf",
			);
			runOnlyForDeploymentPostprocessing = 0;
			shellPath = /bin/sh;
			shellScript = "\"${PODS_ROOT}/Target Support Files/Pods-iChick/Pods-iChick-resources.sh\"\n";
			showEnvVarsInLog = 0;
		};
		A806B5E4E6DAF372D6445069 /* [CP] Check Pods Manifest.lock */ = {
			isa = PBXShellScriptBuildPhase;
			buildActionMask = 2147483647;
			files = (
			);
			inputFileListPaths = (
			);
			inputPaths = (
				"${PODS_PODFILE_DIR_PATH}/Podfile.lock",
				"${PODS_ROOT}/Manifest.lock",
			);
			name = "[CP] Check Pods Manifest.lock";
			outputFileListPaths = (
			);
			outputPaths = (
				"$(DERIVED_FILE_DIR)/Pods-iChick-checkManifestLockResult.txt",
			);
			runOnlyForDeploymentPostprocessing = 0;
			shellPath = /bin/sh;
			shellScript = "diff \"${PODS_PODFILE_DIR_PATH}/Podfile.lock\" \"${PODS_ROOT}/Manifest.lock\" > /dev/null\nif [ $? != 0 ] ; then\n    # print error to STDERR\n    echo \"error: The sandbox is not in sync with the Podfile.lock. Run 'pod install' or update your CocoaPods installation.\" >&2\n    exit 1\nfi\n# This output is used by Xcode 'outputs' to avoid re-running this script phase.\necho \"SUCCESS\" > \"${SCRIPT_OUTPUT_FILE_0}\"\n";
			showEnvVarsInLog = 0;
		};
		BBD001C53AE22DDC0DEB241B /* [CP] Check Pods Manifest.lock */ = {
			isa = PBXShellScriptBuildPhase;
			buildActionMask = 2147483647;
			files = (
			);
			inputFileListPaths = (
			);
			inputPaths = (
				"${PODS_PODFILE_DIR_PATH}/Podfile.lock",
				"${PODS_ROOT}/Manifest.lock",
			);
			name = "[CP] Check Pods Manifest.lock";
			outputFileListPaths = (
			);
			outputPaths = (
				"$(DERIVED_FILE_DIR)/Pods-iChick-tvOSTests-checkManifestLockResult.txt",
			);
			runOnlyForDeploymentPostprocessing = 0;
			shellPath = /bin/sh;
			shellScript = "diff \"${PODS_PODFILE_DIR_PATH}/Podfile.lock\" \"${PODS_ROOT}/Manifest.lock\" > /dev/null\nif [ $? != 0 ] ; then\n    # print error to STDERR\n    echo \"error: The sandbox is not in sync with the Podfile.lock. Run 'pod install' or update your CocoaPods installation.\" >&2\n    exit 1\nfi\n# This output is used by Xcode 'outputs' to avoid re-running this script phase.\necho \"SUCCESS\" > \"${SCRIPT_OUTPUT_FILE_0}\"\n";
			showEnvVarsInLog = 0;
		};
		FD10A7F022414F080027D42C /* Start Packager */ = {
			isa = PBXShellScriptBuildPhase;
			buildActionMask = 2147483647;
			files = (
			);
			inputFileListPaths = (
			);
			inputPaths = (
			);
			name = "Start Packager";
			outputFileListPaths = (
			);
			outputPaths = (
			);
			runOnlyForDeploymentPostprocessing = 0;
			shellPath = /bin/sh;
			shellScript = "export RCT_METRO_PORT=\"${RCT_METRO_PORT:=8081}\"\necho \"export RCT_METRO_PORT=${RCT_METRO_PORT}\" > \"${SRCROOT}/../node_modules/react-native/scripts/.packager.env\"\nif [ -z \"${RCT_NO_LAUNCH_PACKAGER+xxx}\" ] ; then\n  if nc -w 5 -z localhost ${RCT_METRO_PORT} ; then\n    if ! curl -s \"http://localhost:${RCT_METRO_PORT}/status\" | grep -q \"packager-status:running\" ; then\n      echo \"Port ${RCT_METRO_PORT} already in use, packager is either not running or not running correctly\"\n      exit 2\n    fi\n  else\n    open \"$SRCROOT/../node_modules/react-native/scripts/launchPackager.command\" || echo \"Can't start packager automatically\"\n  fi\nfi\n";
			showEnvVarsInLog = 0;
		};
		FD10A7F122414F3F0027D42C /* Start Packager */ = {
			isa = PBXShellScriptBuildPhase;
			buildActionMask = 2147483647;
			files = (
			);
			inputFileListPaths = (
			);
			inputPaths = (
			);
			name = "Start Packager";
			outputFileListPaths = (
			);
			outputPaths = (
			);
			runOnlyForDeploymentPostprocessing = 0;
			shellPath = /bin/sh;
			shellScript = "export RCT_METRO_PORT=\"${RCT_METRO_PORT:=8081}\"\necho \"export RCT_METRO_PORT=${RCT_METRO_PORT}\" > \"${SRCROOT}/../node_modules/react-native/scripts/.packager.env\"\nif [ -z \"${RCT_NO_LAUNCH_PACKAGER+xxx}\" ] ; then\n  if nc -w 5 -z localhost ${RCT_METRO_PORT} ; then\n    if ! curl -s \"http://localhost:${RCT_METRO_PORT}/status\" | grep -q \"packager-status:running\" ; then\n      echo \"Port ${RCT_METRO_PORT} already in use, packager is either not running or not running correctly\"\n      exit 2\n    fi\n  else\n    open \"$SRCROOT/../node_modules/react-native/scripts/launchPackager.command\" || echo \"Can't start packager automatically\"\n  fi\nfi\n";
			showEnvVarsInLog = 0;
		};
/* End PBXShellScriptBuildPhase section */

/* Begin PBXSourcesBuildPhase section */
		00E356EA1AD99517003FC87E /* Sources */ = {
			isa = PBXSourcesBuildPhase;
			buildActionMask = 2147483647;
			files = (
				00E356F31AD99517003FC87E /* iChickTests.m in Sources */,
			);
			runOnlyForDeploymentPostprocessing = 0;
		};
		13B07F871A680F5B00A75B9A /* Sources */ = {
			isa = PBXSourcesBuildPhase;
			buildActionMask = 2147483647;
			files = (
				13B07FBC1A68108700A75B9A /* AppDelegate.m in Sources */,
				13B07FC11A68108700A75B9A /* main.m in Sources */,
			);
			runOnlyForDeploymentPostprocessing = 0;
		};
		2D02E4771E0B4A5D006451C7 /* Sources */ = {
			isa = PBXSourcesBuildPhase;
			buildActionMask = 2147483647;
			files = (
				2D02E4BF1E0B4AB3006451C7 /* main.m in Sources */,
				2D02E4BC1E0B4A80006451C7 /* AppDelegate.m in Sources */,
			);
			runOnlyForDeploymentPostprocessing = 0;
		};
		2D02E48C1E0B4A5D006451C7 /* Sources */ = {
			isa = PBXSourcesBuildPhase;
			buildActionMask = 2147483647;
			files = (
				2DCD954D1E0B4F2C00145EB5 /* iChickTests.m in Sources */,
			);
			runOnlyForDeploymentPostprocessing = 0;
		};
/* End PBXSourcesBuildPhase section */

/* Begin PBXTargetDependency section */
		00E356F51AD99517003FC87E /* PBXTargetDependency */ = {
			isa = PBXTargetDependency;
			target = 13B07F861A680F5B00A75B9A /* iChick */;
			targetProxy = 00E356F41AD99517003FC87E /* PBXContainerItemProxy */;
		};
		2D02E4921E0B4A5D006451C7 /* PBXTargetDependency */ = {
			isa = PBXTargetDependency;
			target = 2D02E47A1E0B4A5D006451C7 /* iChick-tvOS */;
			targetProxy = 2D02E4911E0B4A5D006451C7 /* PBXContainerItemProxy */;
		};
/* End PBXTargetDependency section */

/* Begin PBXVariantGroup section */
		13B07FB11A68108700A75B9A /* LaunchScreen.xib */ = {
			isa = PBXVariantGroup;
			children = (
				13B07FB21A68108700A75B9A /* Base */,
			);
			name = LaunchScreen.xib;
			path = iChick;
			sourceTree = "<group>";
		};
/* End PBXVariantGroup section */

/* Begin XCBuildConfiguration section */
		00E356F61AD99517003FC87E /* Debug */ = {
			isa = XCBuildConfiguration;
			baseConfigurationReference = DFD219A0B6EE91B2203B2EFA /* Pods-iChickTests.debug.xcconfig */;
			buildSettings = {
				BUNDLE_LOADER = "$(TEST_HOST)";
				GCC_PREPROCESSOR_DEFINITIONS = (
					"DEBUG=1",
					"$(inherited)",
				);
				INFOPLIST_FILE = iChickTests/Info.plist;
				IPHONEOS_DEPLOYMENT_TARGET = 9.0;
				LD_RUNPATH_SEARCH_PATHS = "$(inherited) @executable_path/Frameworks @loader_path/Frameworks";
				OTHER_LDFLAGS = (
					"-ObjC",
					"-lc++",
					"$(inherited)",
				);
				PRODUCT_BUNDLE_IDENTIFIER = "org.reactjs.native.example.$(PRODUCT_NAME:rfc1034identifier)";
				PRODUCT_NAME = "$(TARGET_NAME)";
				TEST_HOST = "$(BUILT_PRODUCTS_DIR)/iChick.app/iChick";
			};
			name = Debug;
		};
		00E356F71AD99517003FC87E /* Release */ = {
			isa = XCBuildConfiguration;
			baseConfigurationReference = A8C13D769E000AE22ABB8FB9 /* Pods-iChickTests.release.xcconfig */;
			buildSettings = {
				BUNDLE_LOADER = "$(TEST_HOST)";
				COPY_PHASE_STRIP = NO;
				INFOPLIST_FILE = iChickTests/Info.plist;
				IPHONEOS_DEPLOYMENT_TARGET = 9.0;
				LD_RUNPATH_SEARCH_PATHS = "$(inherited) @executable_path/Frameworks @loader_path/Frameworks";
				OTHER_LDFLAGS = (
					"-ObjC",
					"-lc++",
					"$(inherited)",
				);
				PRODUCT_BUNDLE_IDENTIFIER = "org.reactjs.native.example.$(PRODUCT_NAME:rfc1034identifier)";
				PRODUCT_NAME = "$(TARGET_NAME)";
				TEST_HOST = "$(BUILT_PRODUCTS_DIR)/iChick.app/iChick";
			};
			name = Release;
		};
		13B07F941A680F5B00A75B9A /* Debug */ = {
			isa = XCBuildConfiguration;
			baseConfigurationReference = DBDE3E8AEA5D67A1AA6FE03D /* Pods-iChick.debug.xcconfig */;
			buildSettings = {
				ASSETCATALOG_COMPILER_APPICON_NAME = AppIcon;
				CURRENT_PROJECT_VERSION = 1;
				DEAD_CODE_STRIPPING = NO;
				INFOPLIST_FILE = iChick/Info.plist;
				LD_RUNPATH_SEARCH_PATHS = "$(inherited) @executable_path/Frameworks";
				OTHER_LDFLAGS = (
					"$(inherited)",
					"-ObjC",
					"-lc++",
				);
				PRODUCT_BUNDLE_IDENTIFIER = "org.reactjs.native.example.$(PRODUCT_NAME:rfc1034identifier)";
				PRODUCT_NAME = iChick;
				VERSIONING_SYSTEM = "apple-generic";
			};
			name = Debug;
		};
		13B07F951A680F5B00A75B9A /* Release */ = {
			isa = XCBuildConfiguration;
			baseConfigurationReference = 6AE0CEEA8FF2344E4AE617C1 /* Pods-iChick.release.xcconfig */;
			buildSettings = {
				ASSETCATALOG_COMPILER_APPICON_NAME = AppIcon;
				CURRENT_PROJECT_VERSION = 1;
				INFOPLIST_FILE = iChick/Info.plist;
				LD_RUNPATH_SEARCH_PATHS = "$(inherited) @executable_path/Frameworks";
				OTHER_LDFLAGS = (
					"$(inherited)",
					"-ObjC",
					"-lc++",
				);
				PRODUCT_BUNDLE_IDENTIFIER = "org.reactjs.native.example.$(PRODUCT_NAME:rfc1034identifier)";
				PRODUCT_NAME = iChick;
				VERSIONING_SYSTEM = "apple-generic";
			};
			name = Release;
		};
		2D02E4971E0B4A5E006451C7 /* Debug */ = {
			isa = XCBuildConfiguration;
			baseConfigurationReference = A0887ED13A774BA17B54D2A6 /* Pods-iChick-tvOS.debug.xcconfig */;
			buildSettings = {
				ASSETCATALOG_COMPILER_APPICON_NAME = "App Icon & Top Shelf Image";
				ASSETCATALOG_COMPILER_LAUNCHIMAGE_NAME = LaunchImage;
				CLANG_ANALYZER_NONNULL = YES;
				CLANG_WARN_DOCUMENTATION_COMMENTS = YES;
				CLANG_WARN_INFINITE_RECURSION = YES;
				CLANG_WARN_SUSPICIOUS_MOVE = YES;
				DEBUG_INFORMATION_FORMAT = dwarf;
				ENABLE_TESTABILITY = YES;
				GCC_NO_COMMON_BLOCKS = YES;
				INFOPLIST_FILE = "iChick-tvOS/Info.plist";
				LD_RUNPATH_SEARCH_PATHS = "$(inherited) @executable_path/Frameworks";
				OTHER_LDFLAGS = (
					"$(inherited)",
					"-ObjC",
					"-lc++",
				);
				PRODUCT_BUNDLE_IDENTIFIER = "com.facebook.REACT.iChick-tvOS";
				PRODUCT_NAME = "$(TARGET_NAME)";
				SDKROOT = appletvos;
				TARGETED_DEVICE_FAMILY = 3;
				TVOS_DEPLOYMENT_TARGET = 9.2;
			};
			name = Debug;
		};
		2D02E4981E0B4A5E006451C7 /* Release */ = {
			isa = XCBuildConfiguration;
			baseConfigurationReference = 67121A1197A806E3D3629813 /* Pods-iChick-tvOS.release.xcconfig */;
			buildSettings = {
				ASSETCATALOG_COMPILER_APPICON_NAME = "App Icon & Top Shelf Image";
				ASSETCATALOG_COMPILER_LAUNCHIMAGE_NAME = LaunchImage;
				CLANG_ANALYZER_NONNULL = YES;
				CLANG_WARN_DOCUMENTATION_COMMENTS = YES;
				CLANG_WARN_INFINITE_RECURSION = YES;
				CLANG_WARN_SUSPICIOUS_MOVE = YES;
				COPY_PHASE_STRIP = NO;
				DEBUG_INFORMATION_FORMAT = "dwarf-with-dsym";
				GCC_NO_COMMON_BLOCKS = YES;
				INFOPLIST_FILE = "iChick-tvOS/Info.plist";
				LD_RUNPATH_SEARCH_PATHS = "$(inherited) @executable_path/Frameworks";
				OTHER_LDFLAGS = (
					"$(inherited)",
					"-ObjC",
					"-lc++",
				);
				PRODUCT_BUNDLE_IDENTIFIER = "com.facebook.REACT.iChick-tvOS";
				PRODUCT_NAME = "$(TARGET_NAME)";
				SDKROOT = appletvos;
				TARGETED_DEVICE_FAMILY = 3;
				TVOS_DEPLOYMENT_TARGET = 9.2;
			};
			name = Release;
		};
		2D02E4991E0B4A5E006451C7 /* Debug */ = {
			isa = XCBuildConfiguration;
			baseConfigurationReference = 9109170E8F61A617DB19304C /* Pods-iChick-tvOSTests.debug.xcconfig */;
			buildSettings = {
				BUNDLE_LOADER = "$(TEST_HOST)";
				CLANG_ANALYZER_NONNULL = YES;
				CLANG_WARN_DOCUMENTATION_COMMENTS = YES;
				CLANG_WARN_INFINITE_RECURSION = YES;
				CLANG_WARN_SUSPICIOUS_MOVE = YES;
				DEBUG_INFORMATION_FORMAT = dwarf;
				ENABLE_TESTABILITY = YES;
				GCC_NO_COMMON_BLOCKS = YES;
				INFOPLIST_FILE = "iChick-tvOSTests/Info.plist";
				LD_RUNPATH_SEARCH_PATHS = "$(inherited) @executable_path/Frameworks @loader_path/Frameworks";
				OTHER_LDFLAGS = (
					"$(inherited)",
					"-ObjC",
					"-lc++",
				);
				PRODUCT_BUNDLE_IDENTIFIER = "com.facebook.REACT.iChick-tvOSTests";
				PRODUCT_NAME = "$(TARGET_NAME)";
				SDKROOT = appletvos;
				TEST_HOST = "$(BUILT_PRODUCTS_DIR)/iChick-tvOS.app/iChick-tvOS";
				TVOS_DEPLOYMENT_TARGET = 10.1;
			};
			name = Debug;
		};
		2D02E49A1E0B4A5E006451C7 /* Release */ = {
			isa = XCBuildConfiguration;
			baseConfigurationReference = 42FC96FAB1D1172761AE2D37 /* Pods-iChick-tvOSTests.release.xcconfig */;
			buildSettings = {
				BUNDLE_LOADER = "$(TEST_HOST)";
				CLANG_ANALYZER_NONNULL = YES;
				CLANG_WARN_DOCUMENTATION_COMMENTS = YES;
				CLANG_WARN_INFINITE_RECURSION = YES;
				CLANG_WARN_SUSPICIOUS_MOVE = YES;
				COPY_PHASE_STRIP = NO;
				DEBUG_INFORMATION_FORMAT = "dwarf-with-dsym";
				GCC_NO_COMMON_BLOCKS = YES;
				INFOPLIST_FILE = "iChick-tvOSTests/Info.plist";
				LD_RUNPATH_SEARCH_PATHS = "$(inherited) @executable_path/Frameworks @loader_path/Frameworks";
				OTHER_LDFLAGS = (
					"$(inherited)",
					"-ObjC",
					"-lc++",
				);
				PRODUCT_BUNDLE_IDENTIFIER = "com.facebook.REACT.iChick-tvOSTests";
				PRODUCT_NAME = "$(TARGET_NAME)";
				SDKROOT = appletvos;
				TEST_HOST = "$(BUILT_PRODUCTS_DIR)/iChick-tvOS.app/iChick-tvOS";
				TVOS_DEPLOYMENT_TARGET = 10.1;
			};
			name = Release;
		};
		83CBBA201A601CBA00E9B192 /* Debug */ = {
			isa = XCBuildConfiguration;
			buildSettings = {
				ALWAYS_SEARCH_USER_PATHS = NO;
				CLANG_CXX_LANGUAGE_STANDARD = "gnu++0x";
				CLANG_CXX_LIBRARY = "libc++";
				CLANG_ENABLE_MODULES = YES;
				CLANG_ENABLE_OBJC_ARC = YES;
				CLANG_WARN_BLOCK_CAPTURE_AUTORELEASING = YES;
				CLANG_WARN_BOOL_CONVERSION = YES;
				CLANG_WARN_COMMA = YES;
				CLANG_WARN_CONSTANT_CONVERSION = YES;
				CLANG_WARN_DEPRECATED_OBJC_IMPLEMENTATIONS = YES;
				CLANG_WARN_DIRECT_OBJC_ISA_USAGE = YES_ERROR;
				CLANG_WARN_EMPTY_BODY = YES;
				CLANG_WARN_ENUM_CONVERSION = YES;
				CLANG_WARN_INFINITE_RECURSION = YES;
				CLANG_WARN_INT_CONVERSION = YES;
				CLANG_WARN_NON_LITERAL_NULL_CONVERSION = YES;
				CLANG_WARN_OBJC_IMPLICIT_RETAIN_SELF = YES;
				CLANG_WARN_OBJC_LITERAL_CONVERSION = YES;
				CLANG_WARN_OBJC_ROOT_CLASS = YES_ERROR;
				CLANG_WARN_RANGE_LOOP_ANALYSIS = YES;
				CLANG_WARN_STRICT_PROTOTYPES = YES;
				CLANG_WARN_SUSPICIOUS_MOVE = YES;
				CLANG_WARN_UNREACHABLE_CODE = YES;
				CLANG_WARN__DUPLICATE_METHOD_MATCH = YES;
				"CODE_SIGN_IDENTITY[sdk=iphoneos*]" = "iPhone Developer";
				COPY_PHASE_STRIP = NO;
				ENABLE_STRICT_OBJC_MSGSEND = YES;
				ENABLE_TESTABILITY = YES;
				GCC_C_LANGUAGE_STANDARD = gnu99;
				GCC_DYNAMIC_NO_PIC = NO;
				GCC_NO_COMMON_BLOCKS = YES;
				GCC_OPTIMIZATION_LEVEL = 0;
				GCC_PREPROCESSOR_DEFINITIONS = (
					"DEBUG=1",
					"$(inherited)",
				);
				GCC_SYMBOLS_PRIVATE_EXTERN = NO;
				GCC_WARN_64_TO_32_BIT_CONVERSION = YES;
				GCC_WARN_ABOUT_RETURN_TYPE = YES_ERROR;
				GCC_WARN_UNDECLARED_SELECTOR = YES;
				GCC_WARN_UNINITIALIZED_AUTOS = YES_AGGRESSIVE;
				GCC_WARN_UNUSED_FUNCTION = YES;
				GCC_WARN_UNUSED_VARIABLE = YES;
				IPHONEOS_DEPLOYMENT_TARGET = 9.0;
				MTL_ENABLE_DEBUG_INFO = YES;
				ONLY_ACTIVE_ARCH = YES;
				SDKROOT = iphoneos;
			};
			name = Debug;
		};
		83CBBA211A601CBA00E9B192 /* Release */ = {
			isa = XCBuildConfiguration;
			buildSettings = {
				ALWAYS_SEARCH_USER_PATHS = NO;
				CLANG_CXX_LANGUAGE_STANDARD = "gnu++0x";
				CLANG_CXX_LIBRARY = "libc++";
				CLANG_ENABLE_MODULES = YES;
				CLANG_ENABLE_OBJC_ARC = YES;
				CLANG_WARN_BLOCK_CAPTURE_AUTORELEASING = YES;
				CLANG_WARN_BOOL_CONVERSION = YES;
				CLANG_WARN_COMMA = YES;
				CLANG_WARN_CONSTANT_CONVERSION = YES;
				CLANG_WARN_DEPRECATED_OBJC_IMPLEMENTATIONS = YES;
				CLANG_WARN_DIRECT_OBJC_ISA_USAGE = YES_ERROR;
				CLANG_WARN_EMPTY_BODY = YES;
				CLANG_WARN_ENUM_CONVERSION = YES;
				CLANG_WARN_INFINITE_RECURSION = YES;
				CLANG_WARN_INT_CONVERSION = YES;
				CLANG_WARN_NON_LITERAL_NULL_CONVERSION = YES;
				CLANG_WARN_OBJC_IMPLICIT_RETAIN_SELF = YES;
				CLANG_WARN_OBJC_LITERAL_CONVERSION = YES;
				CLANG_WARN_OBJC_ROOT_CLASS = YES_ERROR;
				CLANG_WARN_RANGE_LOOP_ANALYSIS = YES;
				CLANG_WARN_STRICT_PROTOTYPES = YES;
				CLANG_WARN_SUSPICIOUS_MOVE = YES;
				CLANG_WARN_UNREACHABLE_CODE = YES;
				CLANG_WARN__DUPLICATE_METHOD_MATCH = YES;
				"CODE_SIGN_IDENTITY[sdk=iphoneos*]" = "iPhone Developer";
				COPY_PHASE_STRIP = YES;
				ENABLE_NS_ASSERTIONS = NO;
				ENABLE_STRICT_OBJC_MSGSEND = YES;
				GCC_C_LANGUAGE_STANDARD = gnu99;
				GCC_NO_COMMON_BLOCKS = YES;
				GCC_WARN_64_TO_32_BIT_CONVERSION = YES;
				GCC_WARN_ABOUT_RETURN_TYPE = YES_ERROR;
				GCC_WARN_UNDECLARED_SELECTOR = YES;
				GCC_WARN_UNINITIALIZED_AUTOS = YES_AGGRESSIVE;
				GCC_WARN_UNUSED_FUNCTION = YES;
				GCC_WARN_UNUSED_VARIABLE = YES;
				IPHONEOS_DEPLOYMENT_TARGET = 9.0;
				MTL_ENABLE_DEBUG_INFO = NO;
				SDKROOT = iphoneos;
				VALIDATE_PRODUCT = YES;
			};
			name = Release;
		};
/* End XCBuildConfiguration section */

/* Begin XCConfigurationList section */
		00E357021AD99517003FC87E /* Build configuration list for PBXNativeTarget "iChickTests" */ = {
			isa = XCConfigurationList;
			buildConfigurations = (
				00E356F61AD99517003FC87E /* Debug */,
				00E356F71AD99517003FC87E /* Release */,
			);
			defaultConfigurationIsVisible = 0;
			defaultConfigurationName = Release;
		};
		13B07F931A680F5B00A75B9A /* Build configuration list for PBXNativeTarget "iChick" */ = {
			isa = XCConfigurationList;
			buildConfigurations = (
				13B07F941A680F5B00A75B9A /* Debug */,
				13B07F951A680F5B00A75B9A /* Release */,
			);
			defaultConfigurationIsVisible = 0;
			defaultConfigurationName = Release;
		};
		2D02E4BA1E0B4A5E006451C7 /* Build configuration list for PBXNativeTarget "iChick-tvOS" */ = {
			isa = XCConfigurationList;
			buildConfigurations = (
				2D02E4971E0B4A5E006451C7 /* Debug */,
				2D02E4981E0B4A5E006451C7 /* Release */,
			);
			defaultConfigurationIsVisible = 0;
			defaultConfigurationName = Release;
		};
		2D02E4BB1E0B4A5E006451C7 /* Build configuration list for PBXNativeTarget "iChick-tvOSTests" */ = {
			isa = XCConfigurationList;
			buildConfigurations = (
				2D02E4991E0B4A5E006451C7 /* Debug */,
				2D02E49A1E0B4A5E006451C7 /* Release */,
			);
			defaultConfigurationIsVisible = 0;
			defaultConfigurationName = Release;
		};
		83CBB9FA1A601CBA00E9B192 /* Build configuration list for PBXProject "iChick" */ = {
			isa = XCConfigurationList;
			buildConfigurations = (
				83CBBA201A601CBA00E9B192 /* Debug */,
				83CBBA211A601CBA00E9B192 /* Release */,
			);
			defaultConfigurationIsVisible = 0;
			defaultConfigurationName = Release;
		};
/* End XCConfigurationList section */
	};
	rootObject = 83CBB9F71A601CBA00E9B192 /* Project object */;
}
